// !$*UTF8*$!
{
	archiveVersion = 1;
	classes = {
	};
	objectVersion = 46;
	objects = {

/* Begin PBXBuildFile section */
		40C01E8E199F6AFA006C7087 /* main.cpp in Sources */ = {isa = PBXBuildFile; fileRef = 40C01E8D199F6AFA006C7087 /* main.cpp */; };
		40C01E90199F6AFA006C7087 /* TC_MiniPaint.1 in CopyFiles */ = {isa = PBXBuildFile; fileRef = 40C01E8F199F6AFA006C7087 /* TC_MiniPaint.1 */; };
/* End PBXBuildFile section */

/* Begin PBXCopyFilesBuildPhase section */
		40C01E88199F6AF9006C7087 /* CopyFiles */ = {
			isa = PBXCopyFilesBuildPhase;
			buildActionMask = 2147483647;
			dstPath = /usr/share/man/man1/;
			dstSubfolderSpec = 0;
			files = (
				40C01E90199F6AFA006C7087 /* TC_MiniPaint.1 in CopyFiles */,
			);
			runOnlyForDeploymentPostprocessing = 1;
		};
/* End PBXCopyFilesBuildPhase section */

/* Begin PBXFileReference section */
		40C01E8A199F6AF9006C7087 /* TC_MiniPaint */ = {isa = PBXFileReference; explicitFileType = "compiled.mach-o.executable"; includeInIndex = 0; path = TC_MiniPaint; sourceTree = BUILT_PRODUCTS_DIR; };
		40C01E8D199F6AFA006C7087 /* main.cpp */ = {isa = PBXFileReference; lastKnownFileType = sourcecode.cpp.cpp; path = main.cpp; sourceTree = "<group>"; };
		40C01E8F199F6AFA006C7087 /* TC_MiniPaint.1 */ = {isa = PBXFileReference; lastKnownFileType = text.man; path = TC_MiniPaint.1; sourceTree = "<group>"; };
/* End PBXFileReference section */

/* Begin PBXFrameworksBuildPhase section */
		40C01E87199F6AF9006C7087 /* Frameworks */ = {
			isa = PBXFrameworksBuildPhase;
			buildActionMask = 2147483647;
			files = (
			);
			runOnlyForDeploymentPostprocessing = 0;
		};
/* End PBXFrameworksBuildPhase section */

/* Begin PBXGroup section */
		40C01E81199F6AF9006C7087 = {
			isa = PBXGroup;
			children = (
				40C01E8C199F6AF9006C7087 /* TC_MiniPaint */,
				40C01E8B199F6AF9006C7087 /* Products */,
			);
			sourceTree = "<group>";
		};
		40C01E8B199F6AF9006C7087 /* Products */ = {
			isa = PBXGroup;
			children = (
				40C01E8A199F6AF9006C7087 /* TC_MiniPaint */,
			);
			name = Products;
			sourceTree = "<group>";
		};
		40C01E8C199F6AF9006C7087 /* TC_MiniPaint */ = {
			isa = PBXGroup;
			children = (
				40C01E8D199F6AFA006C7087 /* main.cpp */,
				40C01E8F199F6AFA006C7087 /* TC_MiniPaint.1 */,
			);
			path = TC_MiniPaint;
			sourceTree = "<group>";
		};
/* End PBXGroup section */

/* Begin PBXNativeTarget section */
		40C01E89199F6AF9006C7087 /* TC_MiniPaint */ = {
			isa = PBXNativeTarget;
			buildConfigurationList = 40C01E93199F6AFA006C7087 /* Build configuration list for PBXNativeTarget "TC_MiniPaint" */;
			buildPhases = (
				40C01E86199F6AF9006C7087 /* Sources */,
				40C01E87199F6AF9006C7087 /* Frameworks */,
				40C01E88199F6AF9006C7087 /* CopyFiles */,
			);
			buildRules = (
			);
			dependencies = (
			);
			name = TC_MiniPaint;
			productName = TC_MiniPaint;
			productReference = 40C01E8A199F6AF9006C7087 /* TC_MiniPaint */;
			productType = "com.apple.product-type.tool";
		};
/* End PBXNativeTarget section */

/* Begin PBXProject section */
		40C01E82199F6AF9006C7087 /* Project object */ = {
			isa = PBXProject;
			attributes = {
				LastUpgradeCheck = 0500;
				ORGANIZATIONNAME = wws2003;
			};
			buildConfigurationList = 40C01E85199F6AF9006C7087 /* Build configuration list for PBXProject "TC_MiniPaint" */;
			compatibilityVersion = "Xcode 3.2";
			developmentRegion = English;
			hasScannedForEncodings = 0;
			knownRegions = (
				en,
			);
			mainGroup = 40C01E81199F6AF9006C7087;
			productRefGroup = 40C01E8B199F6AF9006C7087 /* Products */;
			projectDirPath = "";
			projectRoot = "";
			targets = (
				40C01E89199F6AF9006C7087 /* TC_MiniPaint */,
			);
		};
/* End PBXProject section */

/* Begin PBXSourcesBuildPhase section */
		40C01E86199F6AF9006C7087 /* Sources */ = {
			isa = PBXSourcesBuildPhase;
			buildActionMask = 2147483647;
			files = (
				40C01E8E199F6AFA006C7087 /* main.cpp in Sources */,
			);
			runOnlyForDeploymentPostprocessing = 0;
		};
/* End PBXSourcesBuildPhase section */

/* Begin XCBuildConfiguration section */
		40C01E91199F6AFA006C7087 /* Debug */ = {
			isa = XCBuildConfiguration;
			buildSettings = {
				ALWAYS_SEARCH_USER_PATHS = NO;
				CLANG_CXX_LANGUAGE_STANDARD = "gnu++0x";
				CLANG_CXX_LIBRARY = "libc++";
				CLANG_ENABLE_OBJC_ARC = YES;
				CLANG_WARN_BOOL_CONVERSION = YES;
				CLANG_WARN_CONSTANT_CONVERSION = YES;
				CLANG_WARN_DIRECT_OBJC_ISA_USAGE = YES_ERROR;
				CLANG_WARN_EMPTY_BODY = YES;
				CLANG_WARN_ENUM_CONVERSION = YES;
				CLANG_WARN_INT_CONVERSION = YES;
				CLANG_WARN_OBJC_ROOT_CLASS = YES_ERROR;
				CLANG_WARN__DUPLICATE_METHOD_MATCH = YES;
				COPY_PHASE_STRIP = NO;
				GCC_C_LANGUAGE_STANDARD = gnu99;
				GCC_DYNAMIC_NO_PIC = NO;
				GCC_ENABLE_OBJC_EXCEPTIONS = YES;
				GCC_OPTIMIZATION_LEVEL = 0;
				GCC_PREPROCESSOR_DEFINITIONS = (
					"DEBUG=1",
					"$(inherited)",
				);
				GCC_SYMBOLS_PRIVATE_EXTERN = NO;
				GCC_WARN_64_TO_32_BIT_CONVERSION = YES;
				GCC_WARN_ABOUT_RETURN_TYPE = YES_ERROR;
				GCC_WARN_UNDECLARED_SELECTOR = YES;
				GCC_WARN_UNINITIALIZED_AUTOS = YES;
				GCC_WARN_UNUSED_FUNCTION = YES;
				GCC_WARN_UNUSED_VARIABLE = YES;
				MACOSX_DEPLOYMENT_TARGET = 10.9;
				ONLY_ACTIVE_ARCH = YES;
				SDKROOT = macosx;
			};
			name = Debug;
		};
		40C01E92199F6AFA006C7087 /* Release */ = {
			isa = XCBuildConfiguration;
			buildSettings = {
				ALWAYS_SEARCH_USER_PATHS = NO;
				CLANG_CXX_LANGUAGE_STANDARD = "gnu++0x";
				CLANG_CXX_LIBRARY = "libc++";
				CLANG_ENABLE_OBJC_ARC = YES;
				CLANG_WARN_BOOL_CONVERSION = YES;
				CLANG_WARN_CONSTANT_CONVERSION = YES;
				CLANG_WARN_DIRECT_OBJC_ISA_USAGE = YES_ERROR;
				CLANG_WARN_EMPTY_BODY = YES;
				CLANG_WARN_ENUM_CONVERSION = YES;
				CLANG_WARN_INT_CONVERSION = YES;
				CLANG_WARN_OBJC_ROOT_CLASS = YES_ERROR;
				CLANG_WARN__DUPLICATE_METHOD_MATCH = YES;
				COPY_PHASE_STRIP = YES;
				DEBUG_INFORMATION_FORMAT = "dwarf-with-dsym";
				ENABLE_NS_ASSERTIONS = NO;
				GCC_C_LANGUAGE_STANDARD = gnu99;
				GCC_ENABLE_OBJC_EXCEPTIONS = YES;
				GCC_WARN_64_TO_32_BIT_CONVERSION = YES;
				GCC_WARN_ABOUT_RETURN_TYPE = YES_ERROR;
				GCC_WARN_UNDECLARED_SELECTOR = YES;
				GCC_WARN_UNINITIALIZED_AUTOS = YES;
				GCC_WARN_UNUSED_FUNCTION = YES;
				GCC_WARN_UNUSED_VARIABLE = YES;
				MACOSX_DEPLOYMENT_TARGET = 10.9;
				SDKROOT = macosx;
			};
			name = Release;
		};
		40C01E94199F6AFA006C7087 /* Debug */ = {
			isa = XCBuildConfiguration;
			buildSettings = {
				PRODUCT_NAME = "$(TARGET_NAME)";
			};
			name = Debug;
		};
		40C01E95199F6AFA006C7087 /* Release */ = {
			isa = XCBuildConfiguration;
			buildSettings = {
				PRODUCT_NAME = "$(TARGET_NAME)";
			};
			name = Release;
		};
/* End XCBuildConfiguration section */

/* Begin XCConfigurationList section */
		40C01E85199F6AF9006C7087 /* Build configuration list for PBXProject "TC_MiniPaint" */ = {
			isa = XCConfigurationList;
			buildConfigurations = (
				40C01E91199F6AFA006C7087 /* Debug */,
				40C01E92199F6AFA006C7087 /* Release */,
			);
			defaultConfigurationIsVisible = 0;
			defaultConfigurationName = Release;
		};
		40C01E93199F6AFA006C7087 /* Build configuration list for PBXNativeTarget "TC_MiniPaint" */ = {
			isa = XCConfigurationList;
			buildConfigurations = (
				40C01E94199F6AFA006C7087 /* Debug */,
				40C01E95199F6AFA006C7087 /* Release */,
			);
			defaultConfigurationIsVisible = 0;
		};
/* End XCConfigurationList section */
	};
	rootObject = 40C01E82199F6AF9006C7087 /* Project object */;
}
